hash: 99905e787e1bb54dab374e0aac54c82eef03f39c9b3e0697dd025e771f62c87c
updated: 2016-07-28T08:09:54.512227292-07:00
imports:
- name: github.com/agtorre/gocolorize
  version: f42b554bf7f006936130c9bb4f971afd2d87f671
- name: github.com/klauspost/compress
  version: 14eb9c4951195779ecfbec34431a976de7335b0a
  subpackages:
  - gzip
  - zlib
  - flate
- name: github.com/klauspost/cpuid
  version: 09cded8978dc9e80714c4d85b0322337b0a1e5e0
- name: github.com/klauspost/crc32
  version: 19b0b332c9e4516a6370a0456e6182c3b5036720
- name: github.com/onsi/ginkgo
  version: 462326b1628e124b23f42e87a8f2750e3c4e2d24
  subpackages:
  - ginkgo
- name: github.com/onsi/gomega
  version: a78ae492d53aad5a7a232d0d0462c14c400e3ee7
- name: github.com/revel/config
  version: 75f5ee659b5338d1ce823536fe9b9e50b4de01b4
- name: github.com/revel/modules
  version: 53ac311713e228b1f91a1a6d34445446a67951b3
  subpackages:
  - static/app/controllers
  - testrunner/app
  - testrunner/app/controllers
- name: github.com/revel/revel
  version: 8d01a054f6bca9430b3e497fe7b4f20ec8f054ce
  subpackages:
  - testing
- name: github.com/robfig/pathtree
  version: 41257a1839e945fce74afd070e02bab2ea2c776a
- name: github.com/sclevine/agouti
  version: b920a9cc753368454c642011939e1d7ec58e0024
- name: golang.org/x/net
  version: 6a513affb38dc9788b449d59ffed099b8de18fa0
  subpackages:
  - websocket
- name: golang.org/x/sys
  version: a646d33e2ee3172a661fc09bca23bb4889a41bc8
  subpackages:
  - unix
- name: gopkg.in/fsnotify.v1
  version: a8a77c9133d2d6fd8334f3260d06f60e8d80a5fb
testImports: []
